dependencies:
- name: postgresql
  repository: https://charts.bitnami.com/bitnami
  version: 12.1.0
- name: discovery-server
  repository: file://charts/discovery-server
  version: 1.0.0
- name: config-server
  repository: file://charts/config-server
  version: 1.0.0
- name: blocker-service
  repository: file://charts/blocker-service
  version: 1.0.0
- name: notification-service
  repository: file://charts/notification-service
  version: 1.0.0
- name: account-service
  repository: file://charts/account-service
  version: 1.0.0
digest: sha256:f806f38c945614c21e1c1f109b168b14e5895235f9792d62f882da06d483d5c2
generated: "2025-08-01T14:30:47.4613947+02:00"
