dependencies:
- name: postgresql
  repository: https://charts.bitnami.com/bitnami
  version: 12.1.0
- name: discovery-server
  repository: file://charts/discovery-server
  version: 1.0.0
- name: config-server
  repository: file://charts/config-server
  version: 1.0.0
- name: blocker-service
  repository: file://charts/blocker-service
  version: 1.0.0
- name: exchange-generator-service
  repository: file://charts/exchange-generator-service
  version: 1.0.0
digest: sha256:109791c34f0f988bdefedf8758fa55f0a8915c6f7eb11e783202115fa1726e6c
generated: "2025-08-01T19:25:20.1869566+02:00"
